
Microsoft Visual Studio Solution File, Format Version 12.00
# Visual Studio 14
VisualStudioVersion = 14.0.25123.0
MinimumVisualStudioVersion = 10.0.40219.1
Project("{FAE04EC0-301F-11D3-BF4B-00C04F79EFBC}") = "TiemMayHaiTrieu", "TiemMayHaiTrieu\TiemMayHaiTrieu.csproj", "{1011A72B-E56C-42EE-A696-1C7A5F6DA1B3}"
EndProject
Project("{FAE04EC0-301F-11D3-BF4B-00C04F79EFBC}") = "BusinessLogicFramework", "BusinessLogicFramework\BusinessLogicFramework.csproj", "{B90732EA-1E87-497F-B90D-7D7D100B8CDE}"
EndProject
Project("{FAE04EC0-301F-11D3-BF4B-00C04F79EFBC}") = "DataAcessFramework", "DataAcessFramework\DataAcessFramework.csproj", "{7E5F6299-FE3D-423B-B9D8-70A2AC398C5A}"
EndProject
Global
	GlobalSection(SolutionConfigurationPlatforms) = preSolution
		Debug|Any CPU = Debug|Any CPU
		Release|Any CPU = Release|Any CPU
	EndGlobalSection
	GlobalSection(ProjectConfigurationPlatforms) = postSolution
		{1011A72B-E56C-42EE-A696-1C7A5F6DA1B3}.Debug|Any CPU.ActiveCfg = Debug|Any CPU
		{1011A72B-E56C-42EE-A696-1C7A5F6DA1B3}.Debug|Any CPU.Build.0 = Debug|Any CPU
		{1011A72B-E56C-42EE-A696-1C7A5F6DA1B3}.Release|Any CPU.ActiveCfg = Release|Any CPU
		{1011A72B-E56C-42EE-A696-1C7A5F6DA1B3}.Release|Any CPU.Build.0 = Release|Any CPU
		{B90732EA-1E87-497F-B90D-7D7D100B8CDE}.Debug|Any CPU.ActiveCfg = Debug|Any CPU
		{B90732EA-1E87-497F-B90D-7D7D100B8CDE}.Debug|Any CPU.Build.0 = Debug|Any CPU
		{B90732EA-1E87-497F-B90D-7D7D100B8CDE}.Release|Any CPU.ActiveCfg = Release|Any CPU
		{B90732EA-1E87-497F-B90D-7D7D100B8CDE}.Release|Any CPU.Build.0 = Release|Any CPU
		{7E5F6299-FE3D-423B-B9D8-70A2AC398C5A}.Debug|Any CPU.ActiveCfg = Debug|Any CPU
		{7E5F6299-FE3D-423B-B9D8-70A2AC398C5A}.Debug|Any CPU.Build.0 = Debug|Any CPU
		{7E5F6299-FE3D-423B-B9D8-70A2AC398C5A}.Release|Any CPU.ActiveCfg = Release|Any CPU
		{7E5F6299-FE3D-423B-B9D8-70A2AC398C5A}.Release|Any CPU.Build.0 = Release|Any CPU
	EndGlobalSection
	GlobalSection(SolutionProperties) = preSolution
		HideSolutionNode = FALSE
	EndGlobalSection
EndGlobal
